
Microsoft Visual Studio Solution File, Format Version 12.00
# Visual Studio Version 17
VisualStudioVersion = 17.6.33829.357
MinimumVisualStudioVersion = 10.0.40219.1
Project("{FAE04EC0-301F-11D3-BF4B-00C04F79EFBC}") = "MovieWebAPI", "MovieWebAPI\MovieWebAPI.csproj", "{06E27B1E-D340-4B76-AF22-B1D949B209DC}"
EndProject
Global
	GlobalSection(SolutionConfigurationPlatforms) = preSolution
		Debug|Any CPU = Debug|Any CPU
		Release|Any CPU = Release|Any CPU
	EndGlobalSection
	GlobalSection(ProjectConfigurationPlatforms) = postSolution
		{06E27B1E-D340-4B76-AF22-B1D949B209DC}.Debug|Any CPU.ActiveCfg = Debug|Any CPU
		{06E27B1E-D340-4B76-AF22-B1D949B209DC}.Debug|Any CPU.Build.0 = Debug|Any CPU
		{06E27B1E-D340-4B76-AF22-B1D949B209DC}.Release|Any CPU.ActiveCfg = Release|Any CPU
		{06E27B1E-D340-4B76-AF22-B1D949B209DC}.Release|Any CPU.Build.0 = Release|Any CPU
	EndGlobalSection
	GlobalSection(SolutionProperties) = preSolution
		HideSolutionNode = FALSE
	EndGlobalSection
	GlobalSection(ExtensibilityGlobals) = postSolution
		SolutionGuid = {15C99650-0BF4-4D25-9891-152570184DBB}
	EndGlobalSection
EndGlobal
